# The complete runtime dependency set of the geocoding database builder, for CPython 3.12 on
# x86_64 glibc. Installed with --require-hashes --no-deps, so every package and every file is
# pinned here and nothing else is resolved. Resolved from PyPI on 2026-09-20.
nominatim-db==5.3.2 \
    --hash=sha256:c5e1c4bd27f52a48843a5fe204a1a7b5f4d4d2911880e65721b4c900b13227e5
psycopg==3.3.6 \
    --hash=sha256:a1db9f7148b06a28606767efaca51fa6f9398c5c0a3810519be69d7000bdb631
typing-extensions==4.16.0 \
    --hash=sha256:481caa481374e813c1b176ada14e97f1f67a4539ce9cfeb3f350d78d6370c2e8
python-dotenv==1.2.3 \
    --hash=sha256:904552145e8bfed22162c09dab1c2b9b54fefa7b23ba780f4f26ca0316b0f0d9
jinja2==3.1.6 \
    --hash=sha256:85ece4451f492d0c13c5dd7c13a64681a86afae63a5f347908daf103ce6d2f67
markupsafe==3.0.3 \
    --hash=sha256:d6dd0be5b5b189d31db7cda48b91d7e0a9795f31430b7f271219ab30f1d3ac9d
pyyaml==6.0.3 \
    --hash=sha256:ba1cc08a7ccde2d2ec775841541641e4548226580ab850948cbfda66a1befcdc
psutil==7.2.2 \
    --hash=sha256:076a2d2f923fd4821644f5ba89f059523da90dc9014e85f8e45a5774ca5bc6f9
pyicu==2.16.2 \
    --hash=sha256:006d51e24b5ec76df6ec2130f3dde269c51db8b8cfebb7d45a427dde0d10aa52
mwparserfromhell==0.7.2 \
    --hash=sha256:1c992003d7a053963006c94ce7eeaf509575c02bf132181da8130086c18ad5df
